
Microsoft Visual Studio Solution File, Format Version 12.00
# Visual Studio 15
VisualStudioVersion = 15.0.27004.2006
MinimumVisualStudioVersion = 10.0.40219.1
Project("{FAE04EC0-301F-11D3-BF4B-00C04F79EFBC}") = "Defenders", "Defenders\Defenders.csproj", "{E83B4DEE-3AFD-46DA-B08C-CC3F2BB14531}"
EndProject
Global
	GlobalSection(SolutionConfigurationPlatforms) = preSolution
		Debug|Any CPU = Debug|Any CPU
		Release|Any CPU = Release|Any CPU
	EndGlobalSection
	GlobalSection(ProjectConfigurationPlatforms) = postSolution
		{E83B4DEE-3AFD-46DA-B08C-CC3F2BB14531}.Debug|Any CPU.ActiveCfg = Debug|Any CPU
		{E83B4DEE-3AFD-46DA-B08C-CC3F2BB14531}.Debug|Any CPU.Build.0 = Debug|Any CPU
		{E83B4DEE-3AFD-46DA-B08C-CC3F2BB14531}.Release|Any CPU.ActiveCfg = Release|Any CPU
		{E83B4DEE-3AFD-46DA-B08C-CC3F2BB14531}.Release|Any CPU.Build.0 = Release|Any CPU
	EndGlobalSection
	GlobalSection(SolutionProperties) = preSolution
		HideSolutionNode = FALSE
	EndGlobalSection
	GlobalSection(ExtensibilityGlobals) = postSolution
		SolutionGuid = {1DCD0C33-2353-45A0-8730-BE9B6810C3D6}
	EndGlobalSection
EndGlobal
